{
  "requires": true,
  "lockfileVersion": 1,
  "dependencies": {
    "@websh/remote-slave-port": {
      "version": "0.1.3",
      "resolved": "https://registry.npmjs.org/@websh/remote-slave-port/-/remote-slave-port-0.1.3.tgz",
      "integrity": "sha512-jH8VRRKFuGlYCEDG9lTSBq4pRbnjev4/dbIiZg3vb/IDQ88PMS++ObELVQdN7CZIyxxrktM5CnDx4aQKzbj8PQ==",
      "requires": {
        "@websh/remote-slave-port": "^0.1.0"
      }
    },
    "@websh/web-shell-app": {
      "version": "0.1.1",
      "resolved": "https://registry.npmjs.org/@websh/web-shell-app/-/web-shell-app-0.1.1.tgz",
      "integrity": "sha512-Ehgt3pmypBHl5+wtI0Z5EVXrqepnh2fmhIoLri1F6s8uH8S2pYr9L2sXO2wSj9s8L0FjLmun/naAZqaJ1wrFkg==",
      "requires": {
        "@websh/remote-slave-port": "^0.1.0"
      }
    }
  }
}
